
Microsoft Visual Studio Solution File, Format Version 12.00
# Visual Studio Version 16
VisualStudioVersion = 16.0.30128.74
MinimumVisualStudioVersion = 10.0.40219.1
Project("{8BC9CEB8-8B4A-11D0-8D11-00A0C91BC942}") = "学生选课系统", "学生选课系统.vcxproj", "{16F01BBA-528B-443C-8DD6-52651CFBBCE7}"
EndProject
Global
	GlobalSection(SolutionConfigurationPlatforms) = preSolution
		Debug|x64 = Debug|x64
		Debug|x86 = Debug|x86
		Release|x64 = Release|x64
		Release|x86 = Release|x86
	EndGlobalSection
	GlobalSection(ProjectConfigurationPlatforms) = postSolution
		{16F01BBA-528B-443C-8DD6-52651CFBBCE7}.Debug|x64.ActiveCfg = Debug|x64
		{16F01BBA-528B-443C-8DD6-52651CFBBCE7}.Debug|x64.Build.0 = Debug|x64
		{16F01BBA-528B-443C-8DD6-52651CFBBCE7}.Debug|x86.ActiveCfg = Debug|Win32
		{16F01BBA-528B-443C-8DD6-52651CFBBCE7}.Debug|x86.Build.0 = Debug|Win32
		{16F01BBA-528B-443C-8DD6-52651CFBBCE7}.Release|x64.ActiveCfg = Release|x64
		{16F01BBA-528B-443C-8DD6-52651CFBBCE7}.Release|x64.Build.0 = Release|x64
		{16F01BBA-528B-443C-8DD6-52651CFBBCE7}.Release|x86.ActiveCfg = Release|Win32
		{16F01BBA-528B-443C-8DD6-52651CFBBCE7}.Release|x86.Build.0 = Release|Win32
	EndGlobalSection
	GlobalSection(SolutionProperties) = preSolution
		HideSolutionNode = FALSE
	EndGlobalSection
	GlobalSection(ExtensibilityGlobals) = postSolution
		SolutionGuid = {123E63A7-CC48-47B5-B32E-7E8D91B64592}
	EndGlobalSection
EndGlobal
